
Microsoft Visual Studio Solution File, Format Version 12.00
# Visual Studio Version 16
VisualStudioVersion = 16.0.29609.76
MinimumVisualStudioVersion = 10.0.40219.1
Project("{8BC9CEB8-8B4A-11D0-8D11-00A0C91BC942}") = "vector_avx2", "vector_avx2.vcxproj", "{FB911EB1-3AC7-4E48-8A55-618AE97F3E09}"
EndProject
Global
	GlobalSection(SolutionConfigurationPlatforms) = preSolution
		Debug|x64 = Debug|x64
		Debug|x86 = Debug|x86
		Release|x64 = Release|x64
		Release|x86 = Release|x86
	EndGlobalSection
	GlobalSection(ProjectConfigurationPlatforms) = postSolution
		{FB911EB1-3AC7-4E48-8A55-618AE97F3E09}.Debug|x64.ActiveCfg = Debug|x64
		{FB911EB1-3AC7-4E48-8A55-618AE97F3E09}.Debug|x64.Build.0 = Debug|x64
		{FB911EB1-3AC7-4E48-8A55-618AE97F3E09}.Debug|x86.ActiveCfg = Debug|Win32
		{FB911EB1-3AC7-4E48-8A55-618AE97F3E09}.Debug|x86.Build.0 = Debug|Win32
		{FB911EB1-3AC7-4E48-8A55-618AE97F3E09}.Release|x64.ActiveCfg = Release|x64
		{FB911EB1-3AC7-4E48-8A55-618AE97F3E09}.Release|x64.Build.0 = Release|x64
		{FB911EB1-3AC7-4E48-8A55-618AE97F3E09}.Release|x86.ActiveCfg = Release|Win32
		{FB911EB1-3AC7-4E48-8A55-618AE97F3E09}.Release|x86.Build.0 = Release|Win32
	EndGlobalSection
	GlobalSection(SolutionProperties) = preSolution
		HideSolutionNode = FALSE
	EndGlobalSection
	GlobalSection(ExtensibilityGlobals) = postSolution
		SolutionGuid = {975398F0-215F-4CF6-BD17-7818254B7D45}
	EndGlobalSection
EndGlobal
